{
  "name": "lecture-3",
  "version": "1.0.0",
  "lockfileVersion": 2,
  "requires": true,
  "packages": {
    "": {
      "name": "lecture-3",
      "version": "1.0.0",
      "license": "ISC",
      "dependencies": {
        "@faker-js/faker": "^7.2.0"
      }
    },
    "node_modules/@faker-js/faker": {
      "version": "7.2.0",
      "resolved": "https://registry.npmjs.org/@faker-js/faker/-/faker-7.2.0.tgz",
      "integrity": "sha512-dzjQ0LFT+bPLWg0yyV3MpxaLJp/+VW4a0SnjNSWJ4YpJ928LXDOZAN+kB2/JPPisI3Ra0w2BxbD4M9J7o0jcpw==",
      "engines": {
        "node": ">=14.0.0",
        "npm": ">=6.0.0"
      }
    }
  },
  "dependencies": {
    "@faker-js/faker": {
      "version": "7.2.0",
      "resolved": "https://registry.npmjs.org/@faker-js/faker/-/faker-7.2.0.tgz",
      "integrity": "sha512-dzjQ0LFT+bPLWg0yyV3MpxaLJp/+VW4a0SnjNSWJ4YpJ928LXDOZAN+kB2/JPPisI3Ra0w2BxbD4M9J7o0jcpw=="
    }
  }
}
